
Microsoft Visual Studio Solution File, Format Version 12.00
# Visual Studio Version 17
VisualStudioVersion = 17.0.32126.317
MinimumVisualStudioVersion = 10.0.40219.1
Project("{FAE04EC0-301F-11D3-BF4B-00C04F79EFBC}") = "StadiumsApp", "StadiumsApp\StadiumsApp.csproj", "{B2465DE7-9451-490B-9C9E-0A1EE5A56948}"
EndProject
Project("{FAE04EC0-301F-11D3-BF4B-00C04F79EFBC}") = "StadiumApp2", "StadiumApp2\StadiumApp2.csproj", "{7B6F2B1B-6A1E-42AE-ABFD-518921CA535A}"
EndProject
Global
	GlobalSection(SolutionConfigurationPlatforms) = preSolution
		Debug|Any CPU = Debug|Any CPU
		Release|Any CPU = Release|Any CPU
	EndGlobalSection
	GlobalSection(ProjectConfigurationPlatforms) = postSolution
		{B2465DE7-9451-490B-9C9E-0A1EE5A56948}.Debug|Any CPU.ActiveCfg = Debug|Any CPU
		{B2465DE7-9451-490B-9C9E-0A1EE5A56948}.Debug|Any CPU.Build.0 = Debug|Any CPU
		{B2465DE7-9451-490B-9C9E-0A1EE5A56948}.Release|Any CPU.ActiveCfg = Release|Any CPU
		{B2465DE7-9451-490B-9C9E-0A1EE5A56948}.Release|Any CPU.Build.0 = Release|Any CPU
		{7B6F2B1B-6A1E-42AE-ABFD-518921CA535A}.Debug|Any CPU.ActiveCfg = Debug|Any CPU
		{7B6F2B1B-6A1E-42AE-ABFD-518921CA535A}.Debug|Any CPU.Build.0 = Debug|Any CPU
		{7B6F2B1B-6A1E-42AE-ABFD-518921CA535A}.Release|Any CPU.ActiveCfg = Release|Any CPU
		{7B6F2B1B-6A1E-42AE-ABFD-518921CA535A}.Release|Any CPU.Build.0 = Release|Any CPU
	EndGlobalSection
	GlobalSection(SolutionProperties) = preSolution
		HideSolutionNode = FALSE
	EndGlobalSection
	GlobalSection(ExtensibilityGlobals) = postSolution
		SolutionGuid = {FCC55292-4683-4E3E-8A62-8E05E5BBE7DF}
	EndGlobalSection
EndGlobal
